
Microsoft Visual Studio Solution File, Format Version 12.00
# Visual Studio Version 17
VisualStudioVersion = 17.0.31815.197
MinimumVisualStudioVersion = 10.0.40219.1
Project("{9A19103F-16F7-4668-BE54-9A1E7A4F7556}") = "ScheduleDevelopmentKit.Domain", "ScheduleDevelopmentKit.Domain\ScheduleDevelopmentKit.Domain.csproj", "{0ED8E558-7038-4010-9668-1C2BEC2AFB80}"
EndProject
Project("{9A19103F-16F7-4668-BE54-9A1E7A4F7556}") = "ScheduleDevelopmentKit.ConsolePolygon", "ScheduleDevelopmentKit.ConsolePolygon\ScheduleDevelopmentKit.ConsolePolygon.csproj", "{719C52C2-9EE4-46E2-BD92-7D805DA3F080}"
EndProject
Project("{FAE04EC0-301F-11D3-BF4B-00C04F79EFBC}") = "ScheduleDevelopmentKit.LegacyCore", "ScheduleDevelopmentKit.LegacyCore\ScheduleDevelopmentKit.LegacyCore.csproj", "{B50FF16E-757F-43B4-8D0C-8FEE7CE7C736}"
EndProject
Global
	GlobalSection(SolutionConfigurationPlatforms) = preSolution
		Debug|Any CPU = Debug|Any CPU
		Release|Any CPU = Release|Any CPU
	EndGlobalSection
	GlobalSection(ProjectConfigurationPlatforms) = postSolution
		{0ED8E558-7038-4010-9668-1C2BEC2AFB80}.Debug|Any CPU.ActiveCfg = Debug|Any CPU
		{0ED8E558-7038-4010-9668-1C2BEC2AFB80}.Debug|Any CPU.Build.0 = Debug|Any CPU
		{0ED8E558-7038-4010-9668-1C2BEC2AFB80}.Release|Any CPU.ActiveCfg = Release|Any CPU
		{0ED8E558-7038-4010-9668-1C2BEC2AFB80}.Release|Any CPU.Build.0 = Release|Any CPU
		{719C52C2-9EE4-46E2-BD92-7D805DA3F080}.Debug|Any CPU.ActiveCfg = Debug|Any CPU
		{719C52C2-9EE4-46E2-BD92-7D805DA3F080}.Debug|Any CPU.Build.0 = Debug|Any CPU
		{719C52C2-9EE4-46E2-BD92-7D805DA3F080}.Release|Any CPU.ActiveCfg = Release|Any CPU
		{719C52C2-9EE4-46E2-BD92-7D805DA3F080}.Release|Any CPU.Build.0 = Release|Any CPU
		{B50FF16E-757F-43B4-8D0C-8FEE7CE7C736}.Debug|Any CPU.ActiveCfg = Debug|Any CPU
		{B50FF16E-757F-43B4-8D0C-8FEE7CE7C736}.Debug|Any CPU.Build.0 = Debug|Any CPU
		{B50FF16E-757F-43B4-8D0C-8FEE7CE7C736}.Release|Any CPU.ActiveCfg = Release|Any CPU
		{B50FF16E-757F-43B4-8D0C-8FEE7CE7C736}.Release|Any CPU.Build.0 = Release|Any CPU
	EndGlobalSection
	GlobalSection(SolutionProperties) = preSolution
		HideSolutionNode = FALSE
	EndGlobalSection
	GlobalSection(ExtensibilityGlobals) = postSolution
		SolutionGuid = {9A20E314-AF48-448F-9D34-4BCC6A14AF53}
	EndGlobalSection
EndGlobal
