
Microsoft Visual Studio Solution File, Format Version 12.00
# Visual Studio Version 16
VisualStudioVersion = 16.0.29209.152
MinimumVisualStudioVersion = 10.0.40219.1
Project("{9A19103F-16F7-4668-BE54-9A1E7A4F7556}") = "ScheduleDevelopmentKit", "ScheduleDevelopmentKit\ScheduleDevelopmentKit.csproj", "{AE91133B-7DDA-4566-8417-03EA95B8F295}"
EndProject
Project("{9A19103F-16F7-4668-BE54-9A1E7A4F7556}") = "ScheduleDevelopmentKit.UiLegacy", "ScheduleDevelopmentKit.UiLegacy\ScheduleDevelopmentKit.UiLegacy.csproj", "{BDF20BE0-5BAB-4BCC-A846-9005536776E4}"
EndProject
Project("{9A19103F-16F7-4668-BE54-9A1E7A4F7556}") = "ScheduleDevelopmentKit.Core", "ScheduleDevelopmentKit.Core\ScheduleDevelopmentKit.Core.csproj", "{0B2297C5-924E-444E-BD23-FCF6D9E4628E}"
EndProject
Project("{9A19103F-16F7-4668-BE54-9A1E7A4F7556}") = "ScheduleDevelopmentKit.DataModels", "ScheduleDevelopmentKit.DataModels\ScheduleDevelopmentKit.DataModels.csproj", "{95FA39D9-119C-4F45-A486-2A214003C40D}"
EndProject
Project("{9A19103F-16F7-4668-BE54-9A1E7A4F7556}") = "ScheduleDevelopmentKit.Desktop", "ScheduleDevelopmentKit.Desktop\ScheduleDevelopmentKit.Desktop.csproj", "{1603218F-0848-4D43-9C2C-D07EADA132F8}"
EndProject
Global
	GlobalSection(SolutionConfigurationPlatforms) = preSolution
		Debug|Any CPU = Debug|Any CPU
		Debug|ARM = Debug|ARM
		Debug|ARM64 = Debug|ARM64
		Debug|x64 = Debug|x64
		Debug|x86 = Debug|x86
		Release|Any CPU = Release|Any CPU
		Release|ARM = Release|ARM
		Release|ARM64 = Release|ARM64
		Release|x64 = Release|x64
		Release|x86 = Release|x86
	EndGlobalSection
	GlobalSection(ProjectConfigurationPlatforms) = postSolution
		{AE91133B-7DDA-4566-8417-03EA95B8F295}.Debug|Any CPU.ActiveCfg = Debug|Any CPU
		{AE91133B-7DDA-4566-8417-03EA95B8F295}.Debug|Any CPU.Build.0 = Debug|Any CPU
		{AE91133B-7DDA-4566-8417-03EA95B8F295}.Debug|ARM.ActiveCfg = Debug|Any CPU
		{AE91133B-7DDA-4566-8417-03EA95B8F295}.Debug|ARM.Build.0 = Debug|Any CPU
		{AE91133B-7DDA-4566-8417-03EA95B8F295}.Debug|ARM64.ActiveCfg = Debug|Any CPU
		{AE91133B-7DDA-4566-8417-03EA95B8F295}.Debug|ARM64.Build.0 = Debug|Any CPU
		{AE91133B-7DDA-4566-8417-03EA95B8F295}.Debug|x64.ActiveCfg = Debug|Any CPU
		{AE91133B-7DDA-4566-8417-03EA95B8F295}.Debug|x64.Build.0 = Debug|Any CPU
		{AE91133B-7DDA-4566-8417-03EA95B8F295}.Debug|x86.ActiveCfg = Debug|Any CPU
		{AE91133B-7DDA-4566-8417-03EA95B8F295}.Debug|x86.Build.0 = Debug|Any CPU
		{AE91133B-7DDA-4566-8417-03EA95B8F295}.Release|Any CPU.ActiveCfg = Release|Any CPU
		{AE91133B-7DDA-4566-8417-03EA95B8F295}.Release|Any CPU.Build.0 = Release|Any CPU
		{AE91133B-7DDA-4566-8417-03EA95B8F295}.Release|ARM.ActiveCfg = Release|Any CPU
		{AE91133B-7DDA-4566-8417-03EA95B8F295}.Release|ARM.Build.0 = Release|Any CPU
		{AE91133B-7DDA-4566-8417-03EA95B8F295}.Release|ARM64.ActiveCfg = Release|Any CPU
		{AE91133B-7DDA-4566-8417-03EA95B8F295}.Release|ARM64.Build.0 = Release|Any CPU
		{AE91133B-7DDA-4566-8417-03EA95B8F295}.Release|x64.ActiveCfg = Release|Any CPU
		{AE91133B-7DDA-4566-8417-03EA95B8F295}.Release|x64.Build.0 = Release|Any CPU
		{AE91133B-7DDA-4566-8417-03EA95B8F295}.Release|x86.ActiveCfg = Release|Any CPU
		{AE91133B-7DDA-4566-8417-03EA95B8F295}.Release|x86.Build.0 = Release|Any CPU
		{BDF20BE0-5BAB-4BCC-A846-9005536776E4}.Debug|Any CPU.ActiveCfg = Debug|Any CPU
		{BDF20BE0-5BAB-4BCC-A846-9005536776E4}.Debug|Any CPU.Build.0 = Debug|Any CPU
		{BDF20BE0-5BAB-4BCC-A846-9005536776E4}.Debug|ARM.ActiveCfg = Debug|Any CPU
		{BDF20BE0-5BAB-4BCC-A846-9005536776E4}.Debug|ARM.Build.0 = Debug|Any CPU
		{BDF20BE0-5BAB-4BCC-A846-9005536776E4}.Debug|ARM64.ActiveCfg = Debug|Any CPU
		{BDF20BE0-5BAB-4BCC-A846-9005536776E4}.Debug|ARM64.Build.0 = Debug|Any CPU
		{BDF20BE0-5BAB-4BCC-A846-9005536776E4}.Debug|x64.ActiveCfg = Debug|Any CPU
		{BDF20BE0-5BAB-4BCC-A846-9005536776E4}.Debug|x64.Build.0 = Debug|Any CPU
		{BDF20BE0-5BAB-4BCC-A846-9005536776E4}.Debug|x86.ActiveCfg = Debug|Any CPU
		{BDF20BE0-5BAB-4BCC-A846-9005536776E4}.Debug|x86.Build.0 = Debug|Any CPU
		{BDF20BE0-5BAB-4BCC-A846-9005536776E4}.Release|Any CPU.ActiveCfg = Release|Any CPU
		{BDF20BE0-5BAB-4BCC-A846-9005536776E4}.Release|Any CPU.Build.0 = Release|Any CPU
		{BDF20BE0-5BAB-4BCC-A846-9005536776E4}.Release|ARM.ActiveCfg = Release|Any CPU
		{BDF20BE0-5BAB-4BCC-A846-9005536776E4}.Release|ARM.Build.0 = Release|Any CPU
		{BDF20BE0-5BAB-4BCC-A846-9005536776E4}.Release|ARM64.ActiveCfg = Release|Any CPU
		{BDF20BE0-5BAB-4BCC-A846-9005536776E4}.Release|ARM64.Build.0 = Release|Any CPU
		{BDF20BE0-5BAB-4BCC-A846-9005536776E4}.Release|x64.ActiveCfg = Release|Any CPU
		{BDF20BE0-5BAB-4BCC-A846-9005536776E4}.Release|x64.Build.0 = Release|Any CPU
		{BDF20BE0-5BAB-4BCC-A846-9005536776E4}.Release|x86.ActiveCfg = Release|Any CPU
		{BDF20BE0-5BAB-4BCC-A846-9005536776E4}.Release|x86.Build.0 = Release|Any CPU
		{0B2297C5-924E-444E-BD23-FCF6D9E4628E}.Debug|Any CPU.ActiveCfg = Debug|Any CPU
		{0B2297C5-924E-444E-BD23-FCF6D9E4628E}.Debug|Any CPU.Build.0 = Debug|Any CPU
		{0B2297C5-924E-444E-BD23-FCF6D9E4628E}.Debug|ARM.ActiveCfg = Debug|Any CPU
		{0B2297C5-924E-444E-BD23-FCF6D9E4628E}.Debug|ARM.Build.0 = Debug|Any CPU
		{0B2297C5-924E-444E-BD23-FCF6D9E4628E}.Debug|ARM64.ActiveCfg = Debug|Any CPU
		{0B2297C5-924E-444E-BD23-FCF6D9E4628E}.Debug|ARM64.Build.0 = Debug|Any CPU
		{0B2297C5-924E-444E-BD23-FCF6D9E4628E}.Debug|x64.ActiveCfg = Debug|Any CPU
		{0B2297C5-924E-444E-BD23-FCF6D9E4628E}.Debug|x64.Build.0 = Debug|Any CPU
		{0B2297C5-924E-444E-BD23-FCF6D9E4628E}.Debug|x86.ActiveCfg = Debug|Any CPU
		{0B2297C5-924E-444E-BD23-FCF6D9E4628E}.Debug|x86.Build.0 = Debug|Any CPU
		{0B2297C5-924E-444E-BD23-FCF6D9E4628E}.Release|Any CPU.ActiveCfg = Release|Any CPU
		{0B2297C5-924E-444E-BD23-FCF6D9E4628E}.Release|Any CPU.Build.0 = Release|Any CPU
		{0B2297C5-924E-444E-BD23-FCF6D9E4628E}.Release|ARM.ActiveCfg = Release|Any CPU
		{0B2297C5-924E-444E-BD23-FCF6D9E4628E}.Release|ARM.Build.0 = Release|Any CPU
		{0B2297C5-924E-444E-BD23-FCF6D9E4628E}.Release|ARM64.ActiveCfg = Release|Any CPU
		{0B2297C5-924E-444E-BD23-FCF6D9E4628E}.Release|ARM64.Build.0 = Release|Any CPU
		{0B2297C5-924E-444E-BD23-FCF6D9E4628E}.Release|x64.ActiveCfg = Release|Any CPU
		{0B2297C5-924E-444E-BD23-FCF6D9E4628E}.Release|x64.Build.0 = Release|Any CPU
		{0B2297C5-924E-444E-BD23-FCF6D9E4628E}.Release|x86.ActiveCfg = Release|Any CPU
		{0B2297C5-924E-444E-BD23-FCF6D9E4628E}.Release|x86.Build.0 = Release|Any CPU
		{95FA39D9-119C-4F45-A486-2A214003C40D}.Debug|Any CPU.ActiveCfg = Debug|Any CPU
		{95FA39D9-119C-4F45-A486-2A214003C40D}.Debug|Any CPU.Build.0 = Debug|Any CPU
		{95FA39D9-119C-4F45-A486-2A214003C40D}.Debug|ARM.ActiveCfg = Debug|Any CPU
		{95FA39D9-119C-4F45-A486-2A214003C40D}.Debug|ARM.Build.0 = Debug|Any CPU
		{95FA39D9-119C-4F45-A486-2A214003C40D}.Debug|ARM64.ActiveCfg = Debug|Any CPU
		{95FA39D9-119C-4F45-A486-2A214003C40D}.Debug|ARM64.Build.0 = Debug|Any CPU
		{95FA39D9-119C-4F45-A486-2A214003C40D}.Debug|x64.ActiveCfg = Debug|Any CPU
		{95FA39D9-119C-4F45-A486-2A214003C40D}.Debug|x64.Build.0 = Debug|Any CPU
		{95FA39D9-119C-4F45-A486-2A214003C40D}.Debug|x86.ActiveCfg = Debug|Any CPU
		{95FA39D9-119C-4F45-A486-2A214003C40D}.Debug|x86.Build.0 = Debug|Any CPU
		{95FA39D9-119C-4F45-A486-2A214003C40D}.Release|Any CPU.ActiveCfg = Release|Any CPU
		{95FA39D9-119C-4F45-A486-2A214003C40D}.Release|Any CPU.Build.0 = Release|Any CPU
		{95FA39D9-119C-4F45-A486-2A214003C40D}.Release|ARM.ActiveCfg = Release|Any CPU
		{95FA39D9-119C-4F45-A486-2A214003C40D}.Release|ARM.Build.0 = Release|Any CPU
		{95FA39D9-119C-4F45-A486-2A214003C40D}.Release|ARM64.ActiveCfg = Release|Any CPU
		{95FA39D9-119C-4F45-A486-2A214003C40D}.Release|ARM64.Build.0 = Release|Any CPU
		{95FA39D9-119C-4F45-A486-2A214003C40D}.Release|x64.ActiveCfg = Release|Any CPU
		{95FA39D9-119C-4F45-A486-2A214003C40D}.Release|x64.Build.0 = Release|Any CPU
		{95FA39D9-119C-4F45-A486-2A214003C40D}.Release|x86.ActiveCfg = Release|Any CPU
		{95FA39D9-119C-4F45-A486-2A214003C40D}.Release|x86.Build.0 = Release|Any CPU
		{1603218F-0848-4D43-9C2C-D07EADA132F8}.Debug|Any CPU.ActiveCfg = Debug|Any CPU
		{1603218F-0848-4D43-9C2C-D07EADA132F8}.Debug|Any CPU.Build.0 = Debug|Any CPU
		{1603218F-0848-4D43-9C2C-D07EADA132F8}.Debug|ARM.ActiveCfg = Debug|Any CPU
		{1603218F-0848-4D43-9C2C-D07EADA132F8}.Debug|ARM.Build.0 = Debug|Any CPU
		{1603218F-0848-4D43-9C2C-D07EADA132F8}.Debug|ARM64.ActiveCfg = Debug|Any CPU
		{1603218F-0848-4D43-9C2C-D07EADA132F8}.Debug|ARM64.Build.0 = Debug|Any CPU
		{1603218F-0848-4D43-9C2C-D07EADA132F8}.Debug|x64.ActiveCfg = Debug|Any CPU
		{1603218F-0848-4D43-9C2C-D07EADA132F8}.Debug|x64.Build.0 = Debug|Any CPU
		{1603218F-0848-4D43-9C2C-D07EADA132F8}.Debug|x86.ActiveCfg = Debug|Any CPU
		{1603218F-0848-4D43-9C2C-D07EADA132F8}.Debug|x86.Build.0 = Debug|Any CPU
		{1603218F-0848-4D43-9C2C-D07EADA132F8}.Release|Any CPU.ActiveCfg = Release|Any CPU
		{1603218F-0848-4D43-9C2C-D07EADA132F8}.Release|Any CPU.Build.0 = Release|Any CPU
		{1603218F-0848-4D43-9C2C-D07EADA132F8}.Release|ARM.ActiveCfg = Release|Any CPU
		{1603218F-0848-4D43-9C2C-D07EADA132F8}.Release|ARM.Build.0 = Release|Any CPU
		{1603218F-0848-4D43-9C2C-D07EADA132F8}.Release|ARM64.ActiveCfg = Release|Any CPU
		{1603218F-0848-4D43-9C2C-D07EADA132F8}.Release|ARM64.Build.0 = Release|Any CPU
		{1603218F-0848-4D43-9C2C-D07EADA132F8}.Release|x64.ActiveCfg = Release|Any CPU
		{1603218F-0848-4D43-9C2C-D07EADA132F8}.Release|x64.Build.0 = Release|Any CPU
		{1603218F-0848-4D43-9C2C-D07EADA132F8}.Release|x86.ActiveCfg = Release|Any CPU
		{1603218F-0848-4D43-9C2C-D07EADA132F8}.Release|x86.Build.0 = Release|Any CPU
	EndGlobalSection
	GlobalSection(SolutionProperties) = preSolution
		HideSolutionNode = FALSE
	EndGlobalSection
	GlobalSection(ExtensibilityGlobals) = postSolution
		SolutionGuid = {9A20E314-AF48-448F-9D34-4BCC6A14AF53}
	EndGlobalSection
EndGlobal
